// !$*UTF8*$!
{
	archiveVersion = 1;
	classes = {
	};
	objectVersion = 46;
	objects = {

/* Begin PBXBuildFile section */
		10FEDABE1ACBD58900C61B88 /* Main_iPhone.storyboard in Resources */ = {isa = PBXBuildFile; fileRef = 10FEDABC1ACBD58900C61B88 /* Main_iPhone.storyboard */; };
		411882B31ABE9105002B8596 /* Foundation.framework in Frameworks */ = {isa = PBXBuildFile; fileRef = 411882B21ABE9105002B8596 /* Foundation.framework */; };
		411882B51ABE9105002B8596 /* CoreGraphics.framework in Frameworks */ = {isa = PBXBuildFile; fileRef = 411882B41ABE9105002B8596 /* CoreGraphics.framework */; };
		411882B71ABE9105002B8596 /* UIKit.framework in Frameworks */ = {isa = PBXBuildFile; fileRef = 411882B61ABE9105002B8596 /* UIKit.framework */; };
		411882BD1ABE9105002B8596 /* InfoPlist.strings in Resources */ = {isa = PBXBuildFile; fileRef = 411882BB1ABE9105002B8596 /* InfoPlist.strings */; };
		411882BF1ABE9105002B8596 /* main.m in Sources */ = {isa = PBXBuildFile; fileRef = 411882BE1ABE9105002B8596 /* main.m */; };
		411882C31ABE9105002B8596 /* PAppDelegate.m in Sources */ = {isa = PBXBuildFile; fileRef = 411882C21ABE9105002B8596 /* PAppDelegate.m */; };
		411882C91ABE9105002B8596 /* Main_iPad.storyboard in Resources */ = {isa = PBXBuildFile; fileRef = 411882C71ABE9105002B8596 /* Main_iPad.storyboard */; };
		411882CC1ABE9105002B8596 /* PViewController.m in Sources */ = {isa = PBXBuildFile; fileRef = 411882CB1ABE9105002B8596 /* PViewController.m */; };
		411882CE1ABE9105002B8596 /* Images.xcassets in Resources */ = {isa = PBXBuildFile; fileRef = 411882CD1ABE9105002B8596 /* Images.xcassets */; };
		411882D51ABE9105002B8596 /* XCTest.framework in Frameworks */ = {isa = PBXBuildFile; fileRef = 411882D41ABE9105002B8596 /* XCTest.framework */; };
		411882D61ABE9105002B8596 /* Foundation.framework in Frameworks */ = {isa = PBXBuildFile; fileRef = 411882B21ABE9105002B8596 /* Foundation.framework */; };
		411882D71ABE9105002B8596 /* UIKit.framework in Frameworks */ = {isa = PBXBuildFile; fileRef = 411882B61ABE9105002B8596 /* UIKit.framework */; };
		411882DF1ABE9105002B8596 /* InfoPlist.strings in Resources */ = {isa = PBXBuildFile; fileRef = 411882DD1ABE9105002B8596 /* InfoPlist.strings */; };
		411882E11ABE9105002B8596 /* ahMyFace_v1Tests.m in Sources */ = {isa = PBXBuildFile; fileRef = 411882E01ABE9105002B8596 /* ahMyFace_v1Tests.m */; };
		411882EB1ABE9144002B8596 /* CoreImage.framework in Frameworks */ = {isa = PBXBuildFile; fileRef = 411882EA1ABE9144002B8596 /* CoreImage.framework */; };
		411882ED1ABE914D002B8596 /* QuartzCore.framework in Frameworks */ = {isa = PBXBuildFile; fileRef = 411882EC1ABE914D002B8596 /* QuartzCore.framework */; };
		411882EF1ABE9152002B8596 /* AVFoundation.framework in Frameworks */ = {isa = PBXBuildFile; fileRef = 411882EE1ABE9152002B8596 /* AVFoundation.framework */; };
		411882F11ABE9168002B8596 /* CoreVideo.framework in Frameworks */ = {isa = PBXBuildFile; fileRef = 411882F01ABE9168002B8596 /* CoreVideo.framework */; };
		411882F31ABE9170002B8596 /* CoreMedia.framework in Frameworks */ = {isa = PBXBuildFile; fileRef = 411882F21ABE9170002B8596 /* CoreMedia.framework */; };
		411882F61ABE935B002B8596 /* faceDetectController.m in Sources */ = {isa = PBXBuildFile; fileRef = 411882F51ABE935B002B8596 /* faceDetectController.m */; };
		411882F81ABEABC2002B8596 /* jimStark.png in Resources */ = {isa = PBXBuildFile; fileRef = 411882F71ABEABC1002B8596 /* jimStark.png */; };
		411882FB1AC0D739002B8596 /* showFacesController.m in Sources */ = {isa = PBXBuildFile; fileRef = 411882FA1AC0D738002B8596 /* showFacesController.m */; };
		411882FE1AC0D8EC002B8596 /* faceCell.m in Sources */ = {isa = PBXBuildFile; fileRef = 411882FD1AC0D8EC002B8596 /* faceCell.m */; };
		411883011AC3A8BD002B8596 /* serverCalls.m in Sources */ = {isa = PBXBuildFile; fileRef = 411883001AC3A8BC002B8596 /* serverCalls.m */; };
		4118833A1AC3D12C002B8596 /* CFNetwork.framework in Frameworks */ = {isa = PBXBuildFile; fileRef = 411883391AC3D12C002B8596 /* CFNetwork.framework */; };
		4118833C1AC3D231002B8596 /* MobileCoreServices.framework in Frameworks */ = {isa = PBXBuildFile; fileRef = 4118833B1AC3D231002B8596 /* MobileCoreServices.framework */; };
		4118833E1AC3D23D002B8596 /* SystemConfiguration.framework in Frameworks */ = {isa = PBXBuildFile; fileRef = 4118833D1AC3D23D002B8596 /* SystemConfiguration.framework */; };
		411883B11AC4A17A002B8596 /* HomeController.m in Sources */ = {isa = PBXBuildFile; fileRef = 411883B01AC4A17A002B8596 /* HomeController.m */; };
		411883B41AC4A284002B8596 /* MomntMeController.m in Sources */ = {isa = PBXBuildFile; fileRef = 411883B31AC4A284002B8596 /* MomntMeController.m */; };
		41AA46511ACA2C360095349A /* Base64.m in Sources */ = {isa = PBXBuildFile; fileRef = 41AA46331ACA2C360095349A /* Base64.m */; };
		41AA46521ACA2C360095349A /* UNIBaseRequest.m in Sources */ = {isa = PBXBuildFile; fileRef = 41AA46361ACA2C360095349A /* UNIBaseRequest.m */; };
		41AA46531ACA2C360095349A /* UNIBodyRequest.m in Sources */ = {isa = PBXBuildFile; fileRef = 41AA46381ACA2C360095349A /* UNIBodyRequest.m */; };
		41AA46541ACA2C360095349A /* UNISimpleRequest.m in Sources */ = {isa = PBXBuildFile; fileRef = 41AA463A1ACA2C360095349A /* UNISimpleRequest.m */; };
		41AA46551ACA2C360095349A /* UNIHTTPBinaryResponse.m in Sources */ = {isa = PBXBuildFile; fileRef = 41AA463D1ACA2C360095349A /* UNIHTTPBinaryResponse.m */; };
		41AA46561ACA2C360095349A /* UNIHTTPJsonResponse.m in Sources */ = {isa = PBXBuildFile; fileRef = 41AA463F1ACA2C360095349A /* UNIHTTPJsonResponse.m */; };
		41AA46571ACA2C360095349A /* UNIHTTPResponse.m in Sources */ = {isa = PBXBuildFile; fileRef = 41AA46411ACA2C360095349A /* UNIHTTPResponse.m */; };
		41AA46581ACA2C360095349A /* UNIHTTPStringResponse.m in Sources */ = {isa = PBXBuildFile; fileRef = 41AA46431ACA2C360095349A /* UNIHTTPStringResponse.m */; };
		41AA46591ACA2C360095349A /* UNIJsonNode.m in Sources */ = {isa = PBXBuildFile; fileRef = 41AA46451ACA2C360095349A /* UNIJsonNode.m */; };
		41AA465A1ACA2C360095349A /* UNIHTTPClientHelper.m in Sources */ = {isa = PBXBuildFile; fileRef = 41AA46471ACA2C360095349A /* UNIHTTPClientHelper.m */; };
		41AA465B1ACA2C360095349A /* UNIHTTPRequest.m in Sources */ = {isa = PBXBuildFile; fileRef = 41AA46491ACA2C360095349A /* UNIHTTPRequest.m */; };
		41AA465C1ACA2C360095349A /* UNIHTTPRequestWithBody.m in Sources */ = {isa = PBXBuildFile; fileRef = 41AA464B1ACA2C360095349A /* UNIHTTPRequestWithBody.m */; };
		41AA465D1ACA2C360095349A /* UNIRest.m in Sources */ = {isa = PBXBuildFile; fileRef = 41AA464E1ACA2C360095349A /* UNIRest.m */; };
		41AA465E1ACA2C360095349A /* UNIUrlConnection.m in Sources */ = {isa = PBXBuildFile; fileRef = 41AA46501ACA2C360095349A /* UNIUrlConnection.m */; };
		41AA46611ACA7BF80095349A /* libKairosSDK.a in Frameworks */ = {isa = PBXBuildFile; fileRef = 41AA46601ACA7BF80095349A /* libKairosSDK.a */; };
		41AA46631ACA7C4F0095349A /* AudioToolbox.framework in Frameworks */ = {isa = PBXBuildFile; fileRef = 41AA46621ACA7C4F0095349A /* AudioToolbox.framework */; };
		41AA466C1ACA94650095349A /* testFaceController.m in Sources */ = {isa = PBXBuildFile; fileRef = 41AA466B1ACA94650095349A /* testFaceController.m */; };
/* End PBXBuildFile section */

/* Begin PBXContainerItemProxy section */
		411882D81ABE9105002B8596 /* PBXContainerItemProxy */ = {
			isa = PBXContainerItemProxy;
			containerPortal = 411882A71ABE9105002B8596 /* Project object */;
			proxyType = 1;
			remoteGlobalIDString = 411882AE1ABE9105002B8596;
			remoteInfo = ahMyFace_v1;
		};
/* End PBXContainerItemProxy section */

/* Begin PBXFileReference section */
		10FEDABD1ACBD58900C61B88 /* Base */ = {isa = PBXFileReference; lastKnownFileType = file.storyboard; name = Base; path = "../../Moments copy/ahMyFace_v1/Base.lproj/Main_iPhone.storyboard"; sourceTree = "<group>"; };
		411882AF1ABE9105002B8596 /* ahMyFace_v1.app */ = {isa = PBXFileReference; explicitFileType = wrapper.application; includeInIndex = 0; path = ahMyFace_v1.app; sourceTree = BUILT_PRODUCTS_DIR; };
		411882B21ABE9105002B8596 /* Foundation.framework */ = {isa = PBXFileReference; lastKnownFileType = wrapper.framework; name = Foundation.framework; path = System/Library/Frameworks/Foundation.framework; sourceTree = SDKROOT; };
		411882B41ABE9105002B8596 /* CoreGraphics.framework */ = {isa = PBXFileReference; lastKnownFileType = wrapper.framework; name = CoreGraphics.framework; path = System/Library/Frameworks/CoreGraphics.framework; sourceTree = SDKROOT; };
		411882B61ABE9105002B8596 /* UIKit.framework */ = {isa = PBXFileReference; lastKnownFileType = wrapper.framework; name = UIKit.framework; path = System/Library/Frameworks/UIKit.framework; sourceTree = SDKROOT; };
		411882BA1ABE9105002B8596 /* ahMyFace_v1-Info.plist */ = {isa = PBXFileReference; lastKnownFileType = text.plist.xml; path = "ahMyFace_v1-Info.plist"; sourceTree = "<group>"; };
		411882BC1ABE9105002B8596 /* en */ = {isa = PBXFileReference; lastKnownFileType = text.plist.strings; name = en; path = en.lproj/InfoPlist.strings; sourceTree = "<group>"; };
		411882BE1ABE9105002B8596 /* main.m */ = {isa = PBXFileReference; lastKnownFileType = sourcecode.c.objc; path = main.m; sourceTree = "<group>"; };
		411882C01ABE9105002B8596 /* ahMyFace_v1-Prefix.pch */ = {isa = PBXFileReference; lastKnownFileType = sourcecode.c.h; path = "ahMyFace_v1-Prefix.pch"; sourceTree = "<group>"; };
		411882C11ABE9105002B8596 /* PAppDelegate.h */ = {isa = PBXFileReference; lastKnownFileType = sourcecode.c.h; path = PAppDelegate.h; sourceTree = "<group>"; };
		411882C21ABE9105002B8596 /* PAppDelegate.m */ = {isa = PBXFileReference; lastKnownFileType = sourcecode.c.objc; path = PAppDelegate.m; sourceTree = "<group>"; };
		411882C81ABE9105002B8596 /* Base */ = {isa = PBXFileReference; lastKnownFileType = file.storyboard; name = Base; path = Base.lproj/Main_iPad.storyboard; sourceTree = "<group>"; };
		411882CA1ABE9105002B8596 /* PViewController.h */ = {isa = PBXFileReference; lastKnownFileType = sourcecode.c.h; path = PViewController.h; sourceTree = "<group>"; };
		411882CB1ABE9105002B8596 /* PViewController.m */ = {isa = PBXFileReference; lastKnownFileType = sourcecode.c.objc; path = PViewController.m; sourceTree = "<group>"; };
		411882CD1ABE9105002B8596 /* Images.xcassets */ = {isa = PBXFileReference; lastKnownFileType = folder.assetcatalog; path = Images.xcassets; sourceTree = "<group>"; };
		411882D31ABE9105002B8596 /* ahMyFace_v1Tests.xctest */ = {isa = PBXFileReference; explicitFileType = wrapper.cfbundle; includeInIndex = 0; path = ahMyFace_v1Tests.xctest; sourceTree = BUILT_PRODUCTS_DIR; };
		411882D41ABE9105002B8596 /* XCTest.framework */ = {isa = PBXFileReference; lastKnownFileType = wrapper.framework; name = XCTest.framework; path = Library/Frameworks/XCTest.framework; sourceTree = DEVELOPER_DIR; };
		411882DC1ABE9105002B8596 /* ahMyFace_v1Tests-Info.plist */ = {isa = PBXFileReference; lastKnownFileType = text.plist.xml; path = "ahMyFace_v1Tests-Info.plist"; sourceTree = "<group>"; };
		411882DE1ABE9105002B8596 /* en */ = {isa = PBXFileReference; lastKnownFileType = text.plist.strings; name = en; path = en.lproj/InfoPlist.strings; sourceTree = "<group>"; };
		411882E01ABE9105002B8596 /* ahMyFace_v1Tests.m */ = {isa = PBXFileReference; lastKnownFileType = sourcecode.c.objc; path = ahMyFace_v1Tests.m; sourceTree = "<group>"; };
		411882EA1ABE9144002B8596 /* CoreImage.framework */ = {isa = PBXFileReference; lastKnownFileType = wrapper.framework; name = CoreImage.framework; path = System/Library/Frameworks/CoreImage.framework; sourceTree = SDKROOT; };
		411882EC1ABE914D002B8596 /* QuartzCore.framework */ = {isa = PBXFileReference; lastKnownFileType = wrapper.framework; name = QuartzCore.framework; path = System/Library/Frameworks/QuartzCore.framework; sourceTree = SDKROOT; };
		411882EE1ABE9152002B8596 /* AVFoundation.framework */ = {isa = PBXFileReference; lastKnownFileType = wrapper.framework; name = AVFoundation.framework; path = System/Library/Frameworks/AVFoundation.framework; sourceTree = SDKROOT; };
		411882F01ABE9168002B8596 /* CoreVideo.framework */ = {isa = PBXFileReference; lastKnownFileType = wrapper.framework; name = CoreVideo.framework; path = System/Library/Frameworks/CoreVideo.framework; sourceTree = SDKROOT; };
		411882F21ABE9170002B8596 /* CoreMedia.framework */ = {isa = PBXFileReference; lastKnownFileType = wrapper.framework; name = CoreMedia.framework; path = System/Library/Frameworks/CoreMedia.framework; sourceTree = SDKROOT; };
		411882F41ABE935B002B8596 /* faceDetectController.h */ = {isa = PBXFileReference; fileEncoding = 4; lastKnownFileType = sourcecode.c.h; path = faceDetectController.h; sourceTree = "<group>"; };
		411882F51ABE935B002B8596 /* faceDetectController.m */ = {isa = PBXFileReference; fileEncoding = 4; lastKnownFileType = sourcecode.c.objc; path = faceDetectController.m; sourceTree = "<group>"; };
		411882F71ABEABC1002B8596 /* jimStark.png */ = {isa = PBXFileReference; lastKnownFileType = image.png; path = jimStark.png; sourceTree = "<group>"; };
		411882F91AC0D738002B8596 /* showFacesController.h */ = {isa = PBXFileReference; fileEncoding = 4; lastKnownFileType = sourcecode.c.h; path = showFacesController.h; sourceTree = "<group>"; };
		411882FA1AC0D738002B8596 /* showFacesController.m */ = {isa = PBXFileReference; fileEncoding = 4; lastKnownFileType = sourcecode.c.objc; path = showFacesController.m; sourceTree = "<group>"; };
		411882FC1AC0D8EC002B8596 /* faceCell.h */ = {isa = PBXFileReference; fileEncoding = 4; lastKnownFileType = sourcecode.c.h; path = faceCell.h; sourceTree = "<group>"; };
		411882FD1AC0D8EC002B8596 /* faceCell.m */ = {isa = PBXFileReference; fileEncoding = 4; lastKnownFileType = sourcecode.c.objc; path = faceCell.m; sourceTree = "<group>"; };
		411882FF1AC3A8BC002B8596 /* serverCalls.h */ = {isa = PBXFileReference; fileEncoding = 4; lastKnownFileType = sourcecode.c.h; path = serverCalls.h; sourceTree = "<group>"; };
		411883001AC3A8BC002B8596 /* serverCalls.m */ = {isa = PBXFileReference; fileEncoding = 4; lastKnownFileType = sourcecode.c.objc; path = serverCalls.m; sourceTree = "<group>"; };
		411883391AC3D12C002B8596 /* CFNetwork.framework */ = {isa = PBXFileReference; lastKnownFileType = wrapper.framework; name = CFNetwork.framework; path = System/Library/Frameworks/CFNetwork.framework; sourceTree = SDKROOT; };
		4118833B1AC3D231002B8596 /* MobileCoreServices.framework */ = {isa = PBXFileReference; lastKnownFileType = wrapper.framework; name = MobileCoreServices.framework; path = System/Library/Frameworks/MobileCoreServices.framework; sourceTree = SDKROOT; };
		4118833D1AC3D23D002B8596 /* SystemConfiguration.framework */ = {isa = PBXFileReference; lastKnownFileType = wrapper.framework; name = SystemConfiguration.framework; path = System/Library/Frameworks/SystemConfiguration.framework; sourceTree = SDKROOT; };
		411883AF1AC4A17A002B8596 /* HomeController.h */ = {isa = PBXFileReference; fileEncoding = 4; lastKnownFileType = sourcecode.c.h; path = HomeController.h; sourceTree = "<group>"; };
		411883B01AC4A17A002B8596 /* HomeController.m */ = {isa = PBXFileReference; fileEncoding = 4; lastKnownFileType = sourcecode.c.objc; path = HomeController.m; sourceTree = "<group>"; };
		411883B21AC4A284002B8596 /* MomntMeController.h */ = {isa = PBXFileReference; fileEncoding = 4; lastKnownFileType = sourcecode.c.h; path = MomntMeController.h; sourceTree = "<group>"; };
		411883B31AC4A284002B8596 /* MomntMeController.m */ = {isa = PBXFileReference; fileEncoding = 4; lastKnownFileType = sourcecode.c.objc; path = MomntMeController.m; sourceTree = "<group>"; };
		41AA46321ACA2C350095349A /* Base64.h */ = {isa = PBXFileReference; fileEncoding = 4; lastKnownFileType = sourcecode.c.h; path = Base64.h; sourceTree = "<group>"; };
		41AA46331ACA2C360095349A /* Base64.m */ = {isa = PBXFileReference; fileEncoding = 4; lastKnownFileType = sourcecode.c.objc; path = Base64.m; sourceTree = "<group>"; };
		41AA46351ACA2C360095349A /* UNIBaseRequest.h */ = {isa = PBXFileReference; fileEncoding = 4; lastKnownFileType = sourcecode.c.h; path = UNIBaseRequest.h; sourceTree = "<group>"; };
		41AA46361ACA2C360095349A /* UNIBaseRequest.m */ = {isa = PBXFileReference; fileEncoding = 4; lastKnownFileType = sourcecode.c.objc; path = UNIBaseRequest.m; sourceTree = "<group>"; };
		41AA46371ACA2C360095349A /* UNIBodyRequest.h */ = {isa = PBXFileReference; fileEncoding = 4; lastKnownFileType = sourcecode.c.h; path = UNIBodyRequest.h; sourceTree = "<group>"; };
		41AA46381ACA2C360095349A /* UNIBodyRequest.m */ = {isa = PBXFileReference; fileEncoding = 4; lastKnownFileType = sourcecode.c.objc; path = UNIBodyRequest.m; sourceTree = "<group>"; };
		41AA46391ACA2C360095349A /* UNISimpleRequest.h */ = {isa = PBXFileReference; fileEncoding = 4; lastKnownFileType = sourcecode.c.h; path = UNISimpleRequest.h; sourceTree = "<group>"; };
		41AA463A1ACA2C360095349A /* UNISimpleRequest.m */ = {isa = PBXFileReference; fileEncoding = 4; lastKnownFileType = sourcecode.c.objc; path = UNISimpleRequest.m; sourceTree = "<group>"; };
		41AA463C1ACA2C360095349A /* UNIHTTPBinaryResponse.h */ = {isa = PBXFileReference; fileEncoding = 4; lastKnownFileType = sourcecode.c.h; path = UNIHTTPBinaryResponse.h; sourceTree = "<group>"; };
		41AA463D1ACA2C360095349A /* UNIHTTPBinaryResponse.m */ = {isa = PBXFileReference; fileEncoding = 4; lastKnownFileType = sourcecode.c.objc; path = UNIHTTPBinaryResponse.m; sourceTree = "<group>"; };
		41AA463E1ACA2C360095349A /* UNIHTTPJsonResponse.h */ = {isa = PBXFileReference; fileEncoding = 4; lastKnownFileType = sourcecode.c.h; path = UNIHTTPJsonResponse.h; sourceTree = "<group>"; };
		41AA463F1ACA2C360095349A /* UNIHTTPJsonResponse.m */ = {isa = PBXFileReference; fileEncoding = 4; lastKnownFileType = sourcecode.c.objc; path = UNIHTTPJsonResponse.m; sourceTree = "<group>"; };
		41AA46401ACA2C360095349A /* UNIHTTPResponse.h */ = {isa = PBXFileReference; fileEncoding = 4; lastKnownFileType = sourcecode.c.h; path = UNIHTTPResponse.h; sourceTree = "<group>"; };
		41AA46411ACA2C360095349A /* UNIHTTPResponse.m */ = {isa = PBXFileReference; fileEncoding = 4; lastKnownFileType = sourcecode.c.objc; path = UNIHTTPResponse.m; sourceTree = "<group>"; };
		41AA46421ACA2C360095349A /* UNIHTTPStringResponse.h */ = {isa = PBXFileReference; fileEncoding = 4; lastKnownFileType = sourcecode.c.h; path = UNIHTTPStringResponse.h; sourceTree = "<group>"; };
		41AA46431ACA2C360095349A /* UNIHTTPStringResponse.m */ = {isa = PBXFileReference; fileEncoding = 4; lastKnownFileType = sourcecode.c.objc; path = UNIHTTPStringResponse.m; sourceTree = "<group>"; };
		41AA46441ACA2C360095349A /* UNIJsonNode.h */ = {isa = PBXFileReference; fileEncoding = 4; lastKnownFileType = sourcecode.c.h; path = UNIJsonNode.h; sourceTree = "<group>"; };
		41AA46451ACA2C360095349A /* UNIJsonNode.m */ = {isa = PBXFileReference; fileEncoding = 4; lastKnownFileType = sourcecode.c.objc; path = UNIJsonNode.m; sourceTree = "<group>"; };
		41AA46461ACA2C360095349A /* UNIHTTPClientHelper.h */ = {isa = PBXFileReference; fileEncoding = 4; lastKnownFileType = sourcecode.c.h; path = UNIHTTPClientHelper.h; sourceTree = "<group>"; };
		41AA46471ACA2C360095349A /* UNIHTTPClientHelper.m */ = {isa = PBXFileReference; fileEncoding = 4; lastKnownFileType = sourcecode.c.objc; path = UNIHTTPClientHelper.m; sourceTree = "<group>"; };
		41AA46481ACA2C360095349A /* UNIHTTPRequest.h */ = {isa = PBXFileReference; fileEncoding = 4; lastKnownFileType = sourcecode.c.h; path = UNIHTTPRequest.h; sourceTree = "<group>"; };
		41AA46491ACA2C360095349A /* UNIHTTPRequest.m */ = {isa = PBXFileReference; fileEncoding = 4; lastKnownFileType = sourcecode.c.objc; path = UNIHTTPRequest.m; sourceTree = "<group>"; };
		41AA464A1ACA2C360095349A /* UNIHTTPRequestWithBody.h */ = {isa = PBXFileReference; fileEncoding = 4; lastKnownFileType = sourcecode.c.h; path = UNIHTTPRequestWithBody.h; sourceTree = "<group>"; };
		41AA464B1ACA2C360095349A /* UNIHTTPRequestWithBody.m */ = {isa = PBXFileReference; fileEncoding = 4; lastKnownFileType = sourcecode.c.objc; path = UNIHTTPRequestWithBody.m; sourceTree = "<group>"; };
		41AA464C1ACA2C360095349A /* Unirest-Prefix.pch */ = {isa = PBXFileReference; fileEncoding = 4; lastKnownFileType = sourcecode.c.h; path = "Unirest-Prefix.pch"; sourceTree = "<group>"; };
		41AA464D1ACA2C360095349A /* UNIRest.h */ = {isa = PBXFileReference; fileEncoding = 4; lastKnownFileType = sourcecode.c.h; path = UNIRest.h; sourceTree = "<group>"; };
		41AA464E1ACA2C360095349A /* UNIRest.m */ = {isa = PBXFileReference; fileEncoding = 4; lastKnownFileType = sourcecode.c.objc; path = UNIRest.m; sourceTree = "<group>"; };
		41AA464F1ACA2C360095349A /* UNIUrlConnection.h */ = {isa = PBXFileReference; fileEncoding = 4; lastKnownFileType = sourcecode.c.h; path = UNIUrlConnection.h; sourceTree = "<group>"; };
		41AA46501ACA2C360095349A /* UNIUrlConnection.m */ = {isa = PBXFileReference; fileEncoding = 4; lastKnownFileType = sourcecode.c.objc; path = UNIUrlConnection.m; sourceTree = "<group>"; };
		41AA465F1ACA7BE80095349A /* KairosSDK.h */ = {isa = PBXFileReference; lastKnownFileType = sourcecode.c.h; path = KairosSDK.h; sourceTree = "<group>"; };
		41AA46601ACA7BF80095349A /* libKairosSDK.a */ = {isa = PBXFileReference; lastKnownFileType = archive.ar; path = libKairosSDK.a; sourceTree = "<group>"; };
		41AA46621ACA7C4F0095349A /* AudioToolbox.framework */ = {isa = PBXFileReference; lastKnownFileType = wrapper.framework; name = AudioToolbox.framework; path = System/Library/Frameworks/AudioToolbox.framework; sourceTree = SDKROOT; };
		41AA466A1ACA94650095349A /* testFaceController.h */ = {isa = PBXFileReference; fileEncoding = 4; lastKnownFileType = sourcecode.c.h; path = testFaceController.h; sourceTree = "<group>"; };
		41AA466B1ACA94650095349A /* testFaceController.m */ = {isa = PBXFileReference; fileEncoding = 4; lastKnownFileType = sourcecode.c.objc; path = testFaceController.m; sourceTree = "<group>"; };
/* End PBXFileReference section */

/* Begin PBXFrameworksBuildPhase section */
		411882AC1ABE9105002B8596 /* Frameworks */ = {
			isa = PBXFrameworksBuildPhase;
			buildActionMask = 2147483647;
			files = (
				41AA46631ACA7C4F0095349A /* AudioToolbox.framework in Frameworks */,
				411882EB1ABE9144002B8596 /* CoreImage.framework in Frameworks */,
				4118833E1AC3D23D002B8596 /* SystemConfiguration.framework in Frameworks */,
				4118833C1AC3D231002B8596 /* MobileCoreServices.framework in Frameworks */,
				4118833A1AC3D12C002B8596 /* CFNetwork.framework in Frameworks */,
				41AA46611ACA7BF80095349A /* libKairosSDK.a in Frameworks */,
				411882F31ABE9170002B8596 /* CoreMedia.framework in Frameworks */,
				411882F11ABE9168002B8596 /* CoreVideo.framework in Frameworks */,
				411882B51ABE9105002B8596 /* CoreGraphics.framework in Frameworks */,
				411882EF1ABE9152002B8596 /* AVFoundation.framework in Frameworks */,
				411882ED1ABE914D002B8596 /* QuartzCore.framework in Frameworks */,
				411882B71ABE9105002B8596 /* UIKit.framework in Frameworks */,
				411882B31ABE9105002B8596 /* Foundation.framework in Frameworks */,
			);
			runOnlyForDeploymentPostprocessing = 0;
		};
		411882D01ABE9105002B8596 /* Frameworks */ = {
			isa = PBXFrameworksBuildPhase;
			buildActionMask = 2147483647;
			files = (
				411882D51ABE9105002B8596 /* XCTest.framework in Frameworks */,
				411882D71ABE9105002B8596 /* UIKit.framework in Frameworks */,
				411882D61ABE9105002B8596 /* Foundation.framework in Frameworks */,
			);
			runOnlyForDeploymentPostprocessing = 0;
		};
/* End PBXFrameworksBuildPhase section */

/* Begin PBXGroup section */
		411882A61ABE9105002B8596 = {
			isa = PBXGroup;
			children = (
				41AA46601ACA7BF80095349A /* libKairosSDK.a */,
				41AA465F1ACA7BE80095349A /* KairosSDK.h */,
				411882F71ABEABC1002B8596 /* jimStark.png */,
				411882B81ABE9105002B8596 /* ahMyFace_v1 */,
				411882DA1ABE9105002B8596 /* ahMyFace_v1Tests */,
				411882B11ABE9105002B8596 /* Frameworks */,
				411882B01ABE9105002B8596 /* Products */,
			);
			sourceTree = "<group>";
		};
		411882B01ABE9105002B8596 /* Products */ = {
			isa = PBXGroup;
			children = (
				411882AF1ABE9105002B8596 /* ahMyFace_v1.app */,
				411882D31ABE9105002B8596 /* ahMyFace_v1Tests.xctest */,
			);
			name = Products;
			sourceTree = "<group>";
		};
		411882B11ABE9105002B8596 /* Frameworks */ = {
			isa = PBXGroup;
			children = (
				41AA46621ACA7C4F0095349A /* AudioToolbox.framework */,
				4118833D1AC3D23D002B8596 /* SystemConfiguration.framework */,
				4118833B1AC3D231002B8596 /* MobileCoreServices.framework */,
				411883391AC3D12C002B8596 /* CFNetwork.framework */,
				411882F21ABE9170002B8596 /* CoreMedia.framework */,
				411882F01ABE9168002B8596 /* CoreVideo.framework */,
				411882EE1ABE9152002B8596 /* AVFoundation.framework */,
				411882EC1ABE914D002B8596 /* QuartzCore.framework */,
				411882EA1ABE9144002B8596 /* CoreImage.framework */,
				411882B21ABE9105002B8596 /* Foundation.framework */,
				411882B41ABE9105002B8596 /* CoreGraphics.framework */,
				411882B61ABE9105002B8596 /* UIKit.framework */,
				411882D41ABE9105002B8596 /* XCTest.framework */,
			);
			name = Frameworks;
			sourceTree = "<group>";
		};
		411882B81ABE9105002B8596 /* ahMyFace_v1 */ = {
			isa = PBXGroup;
			children = (
				41AA46321ACA2C350095349A /* Base64.h */,
				41AA46331ACA2C360095349A /* Base64.m */,
				41AA46341ACA2C360095349A /* HttpRequest */,
				41AA463B1ACA2C360095349A /* HttpResponse */,
				41AA46461ACA2C360095349A /* UNIHTTPClientHelper.h */,
				41AA46471ACA2C360095349A /* UNIHTTPClientHelper.m */,
				41AA46481ACA2C360095349A /* UNIHTTPRequest.h */,
				41AA46491ACA2C360095349A /* UNIHTTPRequest.m */,
				41AA464A1ACA2C360095349A /* UNIHTTPRequestWithBody.h */,
				41AA464B1ACA2C360095349A /* UNIHTTPRequestWithBody.m */,
				10FEDABC1ACBD58900C61B88 /* Main_iPhone.storyboard */,
				41AA464C1ACA2C360095349A /* Unirest-Prefix.pch */,
				41AA464D1ACA2C360095349A /* UNIRest.h */,
				41AA464E1ACA2C360095349A /* UNIRest.m */,
				41AA464F1ACA2C360095349A /* UNIUrlConnection.h */,
				41AA46501ACA2C360095349A /* UNIUrlConnection.m */,
				411882C11ABE9105002B8596 /* PAppDelegate.h */,
				411882C21ABE9105002B8596 /* PAppDelegate.m */,
				411883B21AC4A284002B8596 /* MomntMeController.h */,
				411883B31AC4A284002B8596 /* MomntMeController.m */,
				411883AF1AC4A17A002B8596 /* HomeController.h */,
				411883B01AC4A17A002B8596 /* HomeController.m */,
				411882FC1AC0D8EC002B8596 /* faceCell.h */,
				411882FD1AC0D8EC002B8596 /* faceCell.m */,
				411882C71ABE9105002B8596 /* Main_iPad.storyboard */,
				411882CA1ABE9105002B8596 /* PViewController.h */,
				411882CB1ABE9105002B8596 /* PViewController.m */,
				411882F41ABE935B002B8596 /* faceDetectController.h */,
				411882F51ABE935B002B8596 /* faceDetectController.m */,
				411882FF1AC3A8BC002B8596 /* serverCalls.h */,
				411883001AC3A8BC002B8596 /* serverCalls.m */,
				411882F91AC0D738002B8596 /* showFacesController.h */,
				411882FA1AC0D738002B8596 /* showFacesController.m */,
				411882CD1ABE9105002B8596 /* Images.xcassets */,
				411882B91ABE9105002B8596 /* Supporting Files */,
				41AA466A1ACA94650095349A /* testFaceController.h */,
				41AA466B1ACA94650095349A /* testFaceController.m */,
			);
			path = ahMyFace_v1;
			sourceTree = "<group>";
		};
		411882B91ABE9105002B8596 /* Supporting Files */ = {
			isa = PBXGroup;
			children = (
				411882BA1ABE9105002B8596 /* ahMyFace_v1-Info.plist */,
				411882BB1ABE9105002B8596 /* InfoPlist.strings */,
				411882BE1ABE9105002B8596 /* main.m */,
				411882C01ABE9105002B8596 /* ahMyFace_v1-Prefix.pch */,
			);
			name = "Supporting Files";
			sourceTree = "<group>";
		};
		411882DA1ABE9105002B8596 /* ahMyFace_v1Tests */ = {
			isa = PBXGroup;
			children = (
				411882E01ABE9105002B8596 /* ahMyFace_v1Tests.m */,
				411882DB1ABE9105002B8596 /* Supporting Files */,
			);
			path = ahMyFace_v1Tests;
			sourceTree = "<group>";
		};
		411882DB1ABE9105002B8596 /* Supporting Files */ = {
			isa = PBXGroup;
			children = (
				411882DC1ABE9105002B8596 /* ahMyFace_v1Tests-Info.plist */,
				411882DD1ABE9105002B8596 /* InfoPlist.strings */,
			);
			name = "Supporting Files";
			sourceTree = "<group>";
		};
		41AA46341ACA2C360095349A /* HttpRequest */ = {
			isa = PBXGroup;
			children = (
				41AA46351ACA2C360095349A /* UNIBaseRequest.h */,
				41AA46361ACA2C360095349A /* UNIBaseRequest.m */,
				41AA46371ACA2C360095349A /* UNIBodyRequest.h */,
				41AA46381ACA2C360095349A /* UNIBodyRequest.m */,
				41AA46391ACA2C360095349A /* UNISimpleRequest.h */,
				41AA463A1ACA2C360095349A /* UNISimpleRequest.m */,
			);
			path = HttpRequest;
			sourceTree = "<group>";
		};
		41AA463B1ACA2C360095349A /* HttpResponse */ = {
			isa = PBXGroup;
			children = (
				41AA463C1ACA2C360095349A /* UNIHTTPBinaryResponse.h */,
				41AA463D1ACA2C360095349A /* UNIHTTPBinaryResponse.m */,
				41AA463E1ACA2C360095349A /* UNIHTTPJsonResponse.h */,
				41AA463F1ACA2C360095349A /* UNIHTTPJsonResponse.m */,
				41AA46401ACA2C360095349A /* UNIHTTPResponse.h */,
				41AA46411ACA2C360095349A /* UNIHTTPResponse.m */,
				41AA46421ACA2C360095349A /* UNIHTTPStringResponse.h */,
				41AA46431ACA2C360095349A /* UNIHTTPStringResponse.m */,
				41AA46441ACA2C360095349A /* UNIJsonNode.h */,
				41AA46451ACA2C360095349A /* UNIJsonNode.m */,
			);
			path = HttpResponse;
			sourceTree = "<group>";
		};
/* End PBXGroup section */

/* Begin PBXNativeTarget section */
		411882AE1ABE9105002B8596 /* ahMyFace_v1 */ = {
			isa = PBXNativeTarget;
			buildConfigurationList = 411882E41ABE9105002B8596 /* Build configuration list for PBXNativeTarget "ahMyFace_v1" */;
			buildPhases = (
				411882AB1ABE9105002B8596 /* Sources */,
				411882AC1ABE9105002B8596 /* Frameworks */,
				411882AD1ABE9105002B8596 /* Resources */,
			);
			buildRules = (
			);
			dependencies = (
			);
			name = ahMyFace_v1;
			productName = ahMyFace_v1;
			productReference = 411882AF1ABE9105002B8596 /* ahMyFace_v1.app */;
			productType = "com.apple.product-type.application";
		};
		411882D21ABE9105002B8596 /* ahMyFace_v1Tests */ = {
			isa = PBXNativeTarget;
			buildConfigurationList = 411882E71ABE9105002B8596 /* Build configuration list for PBXNativeTarget "ahMyFace_v1Tests" */;
			buildPhases = (
				411882CF1ABE9105002B8596 /* Sources */,
				411882D01ABE9105002B8596 /* Frameworks */,
				411882D11ABE9105002B8596 /* Resources */,
			);
			buildRules = (
			);
			dependencies = (
				411882D91ABE9105002B8596 /* PBXTargetDependency */,
			);
			name = ahMyFace_v1Tests;
			productName = ahMyFace_v1Tests;
			productReference = 411882D31ABE9105002B8596 /* ahMyFace_v1Tests.xctest */;
			productType = "com.apple.product-type.bundle.unit-test";
		};
/* End PBXNativeTarget section */

/* Begin PBXProject section */
		411882A71ABE9105002B8596 /* Project object */ = {
			isa = PBXProject;
			attributes = {
				CLASSPREFIX = P;
				LastUpgradeCheck = 0500;
				ORGANIZATIONNAME = "Naren Sathiya";
				TargetAttributes = {
					411882AE1ABE9105002B8596 = {
						DevelopmentTeam = 29S4B9YBSU;
					};
					411882D21ABE9105002B8596 = {
						TestTargetID = 411882AE1ABE9105002B8596;
					};
				};
			};
			buildConfigurationList = 411882AA1ABE9105002B8596 /* Build configuration list for PBXProject "ahMyFace_v1" */;
			compatibilityVersion = "Xcode 3.2";
			developmentRegion = English;
			hasScannedForEncodings = 0;
			knownRegions = (
				en,
				Base,
			);
			mainGroup = 411882A61ABE9105002B8596;
			productRefGroup = 411882B01ABE9105002B8596 /* Products */;
			projectDirPath = "";
			projectRoot = "";
			targets = (
				411882AE1ABE9105002B8596 /* ahMyFace_v1 */,
				411882D21ABE9105002B8596 /* ahMyFace_v1Tests */,
			);
		};
/* End PBXProject section */

/* Begin PBXResourcesBuildPhase section */
		411882AD1ABE9105002B8596 /* Resources */ = {
			isa = PBXResourcesBuildPhase;
			buildActionMask = 2147483647;
			files = (
				411882F81ABEABC2002B8596 /* jimStark.png in Resources */,
				411882C91ABE9105002B8596 /* Main_iPad.storyboard in Resources */,
				10FEDABE1ACBD58900C61B88 /* Main_iPhone.storyboard in Resources */,
				411882CE1ABE9105002B8596 /* Images.xcassets in Resources */,
				411882BD1ABE9105002B8596 /* InfoPlist.strings in Resources */,
			);
			runOnlyForDeploymentPostprocessing = 0;
		};
		411882D11ABE9105002B8596 /* Resources */ = {
			isa = PBXResourcesBuildPhase;
			buildActionMask = 2147483647;
			files = (
				411882DF1ABE9105002B8596 /* InfoPlist.strings in Resources */,
			);
			runOnlyForDeploymentPostprocessing = 0;
		};
/* End PBXResourcesBuildPhase section */

/* Begin PBXSourcesBuildPhase section */
		411882AB1ABE9105002B8596 /* Sources */ = {
			isa = PBXSourcesBuildPhase;
			buildActionMask = 2147483647;
			files = (
				411883011AC3A8BD002B8596 /* serverCalls.m in Sources */,
				411882BF1ABE9105002B8596 /* main.m in Sources */,
				41AA466C1ACA94650095349A /* testFaceController.m in Sources */,
				41AA465E1ACA2C360095349A /* UNIUrlConnection.m in Sources */,
				41AA46561ACA2C360095349A /* UNIHTTPJsonResponse.m in Sources */,
				41AA465C1ACA2C360095349A /* UNIHTTPRequestWithBody.m in Sources */,
				41AA465D1ACA2C360095349A /* UNIRest.m in Sources */,
				41AA46541ACA2C360095349A /* UNISimpleRequest.m in Sources */,
				41AA46511ACA2C360095349A /* Base64.m in Sources */,
				41AA46591ACA2C360095349A /* UNIJsonNode.m in Sources */,
				41AA46571ACA2C360095349A /* UNIHTTPResponse.m in Sources */,
				41AA46581ACA2C360095349A /* UNIHTTPStringResponse.m in Sources */,
				411882FB1AC0D739002B8596 /* showFacesController.m in Sources */,
				411882FE1AC0D8EC002B8596 /* faceCell.m in Sources */,
				411883B11AC4A17A002B8596 /* HomeController.m in Sources */,
				41AA46531ACA2C360095349A /* UNIBodyRequest.m in Sources */,
				411882F61ABE935B002B8596 /* faceDetectController.m in Sources */,
				41AA46521ACA2C360095349A /* UNIBaseRequest.m in Sources */,
				411882CC1ABE9105002B8596 /* PViewController.m in Sources */,
				41AA465A1ACA2C360095349A /* UNIHTTPClientHelper.m in Sources */,
				41AA465B1ACA2C360095349A /* UNIHTTPRequest.m in Sources */,
				411882C31ABE9105002B8596 /* PAppDelegate.m in Sources */,
				41AA46551ACA2C360095349A /* UNIHTTPBinaryResponse.m in Sources */,
				411883B41AC4A284002B8596 /* MomntMeController.m in Sources */,
			);
			runOnlyForDeploymentPostprocessing = 0;
		};
		411882CF1ABE9105002B8596 /* Sources */ = {
			isa = PBXSourcesBuildPhase;
			buildActionMask = 2147483647;
			files = (
				411882E11ABE9105002B8596 /* ahMyFace_v1Tests.m in Sources */,
			);
			runOnlyForDeploymentPostprocessing = 0;
		};
/* End PBXSourcesBuildPhase section */

/* Begin PBXTargetDependency section */
		411882D91ABE9105002B8596 /* PBXTargetDependency */ = {
			isa = PBXTargetDependency;
			target = 411882AE1ABE9105002B8596 /* ahMyFace_v1 */;
			targetProxy = 411882D81ABE9105002B8596 /* PBXContainerItemProxy */;
		};
/* End PBXTargetDependency section */

/* Begin PBXVariantGroup section */
		10FEDABC1ACBD58900C61B88 /* Main_iPhone.storyboard */ = {
			isa = PBXVariantGroup;
			children = (
				10FEDABD1ACBD58900C61B88 /* Base */,
			);
			name = Main_iPhone.storyboard;
			sourceTree = "<group>";
		};
		411882BB1ABE9105002B8596 /* InfoPlist.strings */ = {
			isa = PBXVariantGroup;
			children = (
				411882BC1ABE9105002B8596 /* en */,
			);
			name = InfoPlist.strings;
			sourceTree = "<group>";
		};
		411882C71ABE9105002B8596 /* Main_iPad.storyboard */ = {
			isa = PBXVariantGroup;
			children = (
				411882C81ABE9105002B8596 /* Base */,
			);
			name = Main_iPad.storyboard;
			sourceTree = "<group>";
		};
		411882DD1ABE9105002B8596 /* InfoPlist.strings */ = {
			isa = PBXVariantGroup;
			children = (
				411882DE1ABE9105002B8596 /* en */,
			);
			name = InfoPlist.strings;
			sourceTree = "<group>";
		};
/* End PBXVariantGroup section */

/* Begin XCBuildConfiguration section */
		411882E21ABE9105002B8596 /* Debug */ = {
			isa = XCBuildConfiguration;
			buildSettings = {
				ALWAYS_SEARCH_USER_PATHS = NO;
				ARCHS = "$(ARCHS_STANDARD_INCLUDING_64_BIT)";
				CLANG_CXX_LANGUAGE_STANDARD = "gnu++0x";
				CLANG_CXX_LIBRARY = "libc++";
				CLANG_ENABLE_MODULES = YES;
				CLANG_ENABLE_OBJC_ARC = YES;
				CLANG_WARN_BOOL_CONVERSION = YES;
				CLANG_WARN_CONSTANT_CONVERSION = YES;
				CLANG_WARN_DIRECT_OBJC_ISA_USAGE = YES_ERROR;
				CLANG_WARN_EMPTY_BODY = YES;
				CLANG_WARN_ENUM_CONVERSION = YES;
				CLANG_WARN_INT_CONVERSION = YES;
				CLANG_WARN_OBJC_ROOT_CLASS = YES_ERROR;
				CLANG_WARN__DUPLICATE_METHOD_MATCH = YES;
				"CODE_SIGN_IDENTITY[sdk=iphoneos*]" = "iPhone Developer";
				COPY_PHASE_STRIP = NO;
				GCC_C_LANGUAGE_STANDARD = gnu99;
				GCC_DYNAMIC_NO_PIC = NO;
				GCC_OPTIMIZATION_LEVEL = 0;
				GCC_PREPROCESSOR_DEFINITIONS = (
					"DEBUG=1",
					"$(inherited)",
				);
				GCC_SYMBOLS_PRIVATE_EXTERN = NO;
				GCC_WARN_64_TO_32_BIT_CONVERSION = YES;
				GCC_WARN_ABOUT_RETURN_TYPE = YES_ERROR;
				GCC_WARN_UNDECLARED_SELECTOR = YES;
				GCC_WARN_UNINITIALIZED_AUTOS = YES;
				GCC_WARN_UNUSED_FUNCTION = YES;
				GCC_WARN_UNUSED_VARIABLE = YES;
				IPHONEOS_DEPLOYMENT_TARGET = 7.0;
				ONLY_ACTIVE_ARCH = YES;
				SDKROOT = iphoneos;
				TARGETED_DEVICE_FAMILY = "1,2";
			};
			name = Debug;
		};
		411882E31ABE9105002B8596 /* Release */ = {
			isa = XCBuildConfiguration;
			buildSettings = {
				ALWAYS_SEARCH_USER_PATHS = NO;
				ARCHS = "$(ARCHS_STANDARD_INCLUDING_64_BIT)";
				CLANG_CXX_LANGUAGE_STANDARD = "gnu++0x";
				CLANG_CXX_LIBRARY = "libc++";
				CLANG_ENABLE_MODULES = YES;
				CLANG_ENABLE_OBJC_ARC = YES;
				CLANG_WARN_BOOL_CONVERSION = YES;
				CLANG_WARN_CONSTANT_CONVERSION = YES;
				CLANG_WARN_DIRECT_OBJC_ISA_USAGE = YES_ERROR;
				CLANG_WARN_EMPTY_BODY = YES;
				CLANG_WARN_ENUM_CONVERSION = YES;
				CLANG_WARN_INT_CONVERSION = YES;
				CLANG_WARN_OBJC_ROOT_CLASS = YES_ERROR;
				CLANG_WARN__DUPLICATE_METHOD_MATCH = YES;
				"CODE_SIGN_IDENTITY[sdk=iphoneos*]" = "iPhone Developer";
				COPY_PHASE_STRIP = YES;
				ENABLE_NS_ASSERTIONS = NO;
				GCC_C_LANGUAGE_STANDARD = gnu99;
				GCC_WARN_64_TO_32_BIT_CONVERSION = YES;
				GCC_WARN_ABOUT_RETURN_TYPE = YES_ERROR;
				GCC_WARN_UNDECLARED_SELECTOR = YES;
				GCC_WARN_UNINITIALIZED_AUTOS = YES;
				GCC_WARN_UNUSED_FUNCTION = YES;
				GCC_WARN_UNUSED_VARIABLE = YES;
				IPHONEOS_DEPLOYMENT_TARGET = 7.0;
				SDKROOT = iphoneos;
				TARGETED_DEVICE_FAMILY = "1,2";
				VALIDATE_PRODUCT = YES;
			};
			name = Release;
		};
		411882E51ABE9105002B8596 /* Debug */ = {
			isa = XCBuildConfiguration;
			buildSettings = {
				ASSETCATALOG_COMPILER_APPICON_NAME = AppIcon;
				ASSETCATALOG_COMPILER_LAUNCHIMAGE_NAME = LaunchImage;
				GCC_PRECOMPILE_PREFIX_HEADER = YES;
				GCC_PREFIX_HEADER = "ahMyFace_v1/ahMyFace_v1-Prefix.pch";
				INFOPLIST_FILE = "ahMyFace_v1/ahMyFace_v1-Info.plist";
				LIBRARY_SEARCH_PATHS = (
					"$(inherited)",
					"$(PROJECT_DIR)",
				);
				"OTHER_LDFLAGS[arch=*]" = "-all_load";
				PRODUCT_NAME = "$(TARGET_NAME)";
				WRAPPER_EXTENSION = app;
			};
			name = Debug;
		};
		411882E61ABE9105002B8596 /* Release */ = {
			isa = XCBuildConfiguration;
			buildSettings = {
				ASSETCATALOG_COMPILER_APPICON_NAME = AppIcon;
				ASSETCATALOG_COMPILER_LAUNCHIMAGE_NAME = LaunchImage;
				GCC_PRECOMPILE_PREFIX_HEADER = YES;
				GCC_PREFIX_HEADER = "ahMyFace_v1/ahMyFace_v1-Prefix.pch";
				INFOPLIST_FILE = "ahMyFace_v1/ahMyFace_v1-Info.plist";
				LIBRARY_SEARCH_PATHS = (
					"$(inherited)",
					"$(PROJECT_DIR)",
				);
				"OTHER_LDFLAGS[arch=*]" = "-all_load";
				PRODUCT_NAME = "$(TARGET_NAME)";
				WRAPPER_EXTENSION = app;
			};
			name = Release;
		};
		411882E81ABE9105002B8596 /* Debug */ = {
			isa = XCBuildConfiguration;
			buildSettings = {
				ARCHS = "$(ARCHS_STANDARD_INCLUDING_64_BIT)";
				BUNDLE_LOADER = "$(BUILT_PRODUCTS_DIR)/ahMyFace_v1.app/ahMyFace_v1";
				FRAMEWORK_SEARCH_PATHS = (
					"$(SDKROOT)/Developer/Library/Frameworks",
					"$(inherited)",
					"$(DEVELOPER_FRAMEWORKS_DIR)",
				);
				GCC_PRECOMPILE_PREFIX_HEADER = YES;
				GCC_PREFIX_HEADER = "ahMyFace_v1/ahMyFace_v1-Prefix.pch";
				GCC_PREPROCESSOR_DEFINITIONS = (
					"DEBUG=1",
					"$(inherited)",
				);
				INFOPLIST_FILE = "ahMyFace_v1Tests/ahMyFace_v1Tests-Info.plist";
				PRODUCT_NAME = "$(TARGET_NAME)";
				TEST_HOST = "$(BUNDLE_LOADER)";
				WRAPPER_EXTENSION = xctest;
			};
			name = Debug;
		};
		411882E91ABE9105002B8596 /* Release */ = {
			isa = XCBuildConfiguration;
			buildSettings = {
				ARCHS = "$(ARCHS_STANDARD_INCLUDING_64_BIT)";
				BUNDLE_LOADER = "$(BUILT_PRODUCTS_DIR)/ahMyFace_v1.app/ahMyFace_v1";
				FRAMEWORK_SEARCH_PATHS = (
					"$(SDKROOT)/Developer/Library/Frameworks",
					"$(inherited)",
					"$(DEVELOPER_FRAMEWORKS_DIR)",
				);
				GCC_PRECOMPILE_PREFIX_HEADER = YES;
				GCC_PREFIX_HEADER = "ahMyFace_v1/ahMyFace_v1-Prefix.pch";
				INFOPLIST_FILE = "ahMyFace_v1Tests/ahMyFace_v1Tests-Info.plist";
				PRODUCT_NAME = "$(TARGET_NAME)";
				TEST_HOST = "$(BUNDLE_LOADER)";
				WRAPPER_EXTENSION = xctest;
			};
			name = Release;
		};
/* End XCBuildConfiguration section */

/* Begin XCConfigurationList section */
		411882AA1ABE9105002B8596 /* Build configuration list for PBXProject "ahMyFace_v1" */ = {
			isa = XCConfigurationList;
			buildConfigurations = (
				411882E21ABE9105002B8596 /* Debug */,
				411882E31ABE9105002B8596 /* Release */,
			);
			defaultConfigurationIsVisible = 0;
			defaultConfigurationName = Release;
		};
		411882E41ABE9105002B8596 /* Build configuration list for PBXNativeTarget "ahMyFace_v1" */ = {
			isa = XCConfigurationList;
			buildConfigurations = (
				411882E51ABE9105002B8596 /* Debug */,
				411882E61ABE9105002B8596 /* Release */,
			);
			defaultConfigurationIsVisible = 0;
			defaultConfigurationName = Release;
		};
		411882E71ABE9105002B8596 /* Build configuration list for PBXNativeTarget "ahMyFace_v1Tests" */ = {
			isa = XCConfigurationList;
			buildConfigurations = (
				411882E81ABE9105002B8596 /* Debug */,
				411882E91ABE9105002B8596 /* Release */,
			);
			defaultConfigurationIsVisible = 0;
			defaultConfigurationName = Release;
		};
/* End XCConfigurationList section */
	};
	rootObject = 411882A71ABE9105002B8596 /* Project object */;
}
